# This file is automatically @generated by Poetry 1.7.1 and should not be changed by hand.

[[package]]
name = "glob2"
version = "0.7"
description = "Version of the glob module that can capture patterns and supports recursive wildcards"
optional = false
python-versions = "*"
files = [
    {file = "glob2-0.7.tar.gz", hash = "sha256:85c3dbd07c8aa26d63d7aacee34fa86e9a91a3873bc30bf62ec46e531f92ab8c"},
]

[metadata]
lock-version = "2.0"
python-versions = "^3.10"
content-hash = "adbda5aef80785e0f4d88946679628f0a9d320ca2034e217cbad6d438292555d"
